
Microsoft Visual Studio Solution File, Format Version 12.00
# Visual Studio Version 17
VisualStudioVersion = 17.3.32825.248
MinimumVisualStudioVersion = 10.0.40219.1
Project("{FAE04EC0-301F-11D3-BF4B-00C04F79EFBC}") = "Notes.Identity", "Notes.Identity\Notes.Identity.csproj", "{309A624E-840F-4AC7-8C74-04899E0FDE48}"
EndProject
Global
	GlobalSection(SolutionConfigurationPlatforms) = preSolution
		Debug|Any CPU = Debug|Any CPU
		Release|Any CPU = Release|Any CPU
	EndGlobalSection
	GlobalSection(ProjectConfigurationPlatforms) = postSolution
		{309A624E-840F-4AC7-8C74-04899E0FDE48}.Debug|Any CPU.ActiveCfg = Debug|Any CPU
		{309A624E-840F-4AC7-8C74-04899E0FDE48}.Debug|Any CPU.Build.0 = Debug|Any CPU
		{309A624E-840F-4AC7-8C74-04899E0FDE48}.Release|Any CPU.ActiveCfg = Release|Any CPU
		{309A624E-840F-4AC7-8C74-04899E0FDE48}.Release|Any CPU.Build.0 = Release|Any CPU
	EndGlobalSection
	GlobalSection(SolutionProperties) = preSolution
		HideSolutionNode = FALSE
	EndGlobalSection
	GlobalSection(ExtensibilityGlobals) = postSolution
		SolutionGuid = {E1B1E500-0206-4549-B494-FB1A02325805}
	EndGlobalSection
EndGlobal
